
Microsoft Visual Studio Solution File, Format Version 12.00
# Visual Studio Version 17
VisualStudioVersion = 17.10.35027.167
MinimumVisualStudioVersion = 10.0.40219.1
Project("{9A19103F-16F7-4668-BE54-9A1E7A4F7556}") = "IMS.WebApp", "IMS.WebApp\IMS.WebApp.csproj", "{9EFD73B5-16D5-47B1-B79E-6054E7B5536B}"
EndProject
Project("{9A19103F-16F7-4668-BE54-9A1E7A4F7556}") = "IMS.UseCases", "IMS.UseCases\IMS.UseCases.csproj", "{3CFF68DD-A058-484A-89A2-EC5BF93F345F}"
EndProject
Project("{9A19103F-16F7-4668-BE54-9A1E7A4F7556}") = "IMS.CoreBusiness", "IMS.CoreBusiness\IMS.CoreBusiness.csproj", "{94CCFCB0-8CD3-4AC6-9FCB-98000F083F56}"
EndProject
Project("{2150E333-8FDC-42A3-9474-1A3956D46DE8}") = "IMS.Plugins", "IMS.Plugins", "{CBEBDCC7-8F40-4BB2-8FFB-948BF985AC9E}"
EndProject
Project("{9A19103F-16F7-4668-BE54-9A1E7A4F7556}") = "IMS.Plugins.InMemory", "IMS.Plugins\IMS.Plugins.InMemory\IMS.Plugins.InMemory.csproj", "{2B45DA0C-C718-45DF-9159-AF3FD3D221DB}"
EndProject
Project("{9A19103F-16F7-4668-BE54-9A1E7A4F7556}") = "IMS.Plugins.EFCoreSqlServer", "IMS.Plugins\IMS.Plugins.EFCoreSqlServer\IMS.Plugins.EFCoreSqlServer.csproj", "{5C7AB797-7F8C-4DF5-8618-BE679B6E4169}"
EndProject
Global
	GlobalSection(SolutionConfigurationPlatforms) = preSolution
		Debug|Any CPU = Debug|Any CPU
		Release|Any CPU = Release|Any CPU
	EndGlobalSection
	GlobalSection(ProjectConfigurationPlatforms) = postSolution
		{9EFD73B5-16D5-47B1-B79E-6054E7B5536B}.Debug|Any CPU.ActiveCfg = Debug|Any CPU
		{9EFD73B5-16D5-47B1-B79E-6054E7B5536B}.Debug|Any CPU.Build.0 = Debug|Any CPU
		{9EFD73B5-16D5-47B1-B79E-6054E7B5536B}.Release|Any CPU.ActiveCfg = Release|Any CPU
		{9EFD73B5-16D5-47B1-B79E-6054E7B5536B}.Release|Any CPU.Build.0 = Release|Any CPU
		{3CFF68DD-A058-484A-89A2-EC5BF93F345F}.Debug|Any CPU.ActiveCfg = Debug|Any CPU
		{3CFF68DD-A058-484A-89A2-EC5BF93F345F}.Debug|Any CPU.Build.0 = Debug|Any CPU
		{3CFF68DD-A058-484A-89A2-EC5BF93F345F}.Release|Any CPU.ActiveCfg = Release|Any CPU
		{3CFF68DD-A058-484A-89A2-EC5BF93F345F}.Release|Any CPU.Build.0 = Release|Any CPU
		{94CCFCB0-8CD3-4AC6-9FCB-98000F083F56}.Debug|Any CPU.ActiveCfg = Debug|Any CPU
		{94CCFCB0-8CD3-4AC6-9FCB-98000F083F56}.Debug|Any CPU.Build.0 = Debug|Any CPU
		{94CCFCB0-8CD3-4AC6-9FCB-98000F083F56}.Release|Any CPU.ActiveCfg = Release|Any CPU
		{94CCFCB0-8CD3-4AC6-9FCB-98000F083F56}.Release|Any CPU.Build.0 = Release|Any CPU
		{2B45DA0C-C718-45DF-9159-AF3FD3D221DB}.Debug|Any CPU.ActiveCfg = Debug|Any CPU
		{2B45DA0C-C718-45DF-9159-AF3FD3D221DB}.Debug|Any CPU.Build.0 = Debug|Any CPU
		{2B45DA0C-C718-45DF-9159-AF3FD3D221DB}.Release|Any CPU.ActiveCfg = Release|Any CPU
		{2B45DA0C-C718-45DF-9159-AF3FD3D221DB}.Release|Any CPU.Build.0 = Release|Any CPU
		{5C7AB797-7F8C-4DF5-8618-BE679B6E4169}.Debug|Any CPU.ActiveCfg = Debug|Any CPU
		{5C7AB797-7F8C-4DF5-8618-BE679B6E4169}.Debug|Any CPU.Build.0 = Debug|Any CPU
		{5C7AB797-7F8C-4DF5-8618-BE679B6E4169}.Release|Any CPU.ActiveCfg = Release|Any CPU
		{5C7AB797-7F8C-4DF5-8618-BE679B6E4169}.Release|Any CPU.Build.0 = Release|Any CPU
	EndGlobalSection
	GlobalSection(SolutionProperties) = preSolution
		HideSolutionNode = FALSE
	EndGlobalSection
	GlobalSection(NestedProjects) = preSolution
		{2B45DA0C-C718-45DF-9159-AF3FD3D221DB} = {CBEBDCC7-8F40-4BB2-8FFB-948BF985AC9E}
		{5C7AB797-7F8C-4DF5-8618-BE679B6E4169} = {CBEBDCC7-8F40-4BB2-8FFB-948BF985AC9E}
	EndGlobalSection
	GlobalSection(ExtensibilityGlobals) = postSolution
		SolutionGuid = {04DE2421-A204-4E8B-AC3E-9710ECEABA50}
	EndGlobalSection
EndGlobal
